
Microsoft Visual Studio Solution File, Format Version 12.00
# Visual Studio 2013
VisualStudioVersion = 12.0.30110.0
MinimumVisualStudioVersion = 10.0.40219.1
Project("{FAE04EC0-301F-11D3-BF4B-00C04F79EFBC}") = "Convenience", "Convenience\Convenience.csproj", "{96C659D5-FAA1-4E4A-B240-405E523D21DF}"
EndProject
Project("{2150E333-8FDC-42A3-9474-1A3956D46DE8}") = ".nuget", ".nuget", "{8C1222E6-3503-4765-986F-4C220BC06B84}"
	ProjectSection(SolutionItems) = preProject
		.nuget\NuGet.Config = .nuget\NuGet.Config
		.nuget\NuGet.exe = .nuget\NuGet.exe
		.nuget\NuGet.targets = .nuget\NuGet.targets
	EndProjectSection
EndProject
Project("{FAE04EC0-301F-11D3-BF4B-00C04F79EFBC}") = "Convenience.Tests", "Convenience.Tests\Convenience.Tests.csproj", "{5D2B8A4D-1927-4345-B056-9A1AA061C840}"
EndProject
Project("{2150E333-8FDC-42A3-9474-1A3956D46DE8}") = "Solution Items", "Solution Items", "{AB2C44C0-7A32-4D9F-AB7C-544C3B732FD4}"
	ProjectSection(SolutionItems) = preProject
		.gitignore = .gitignore
		LICENSE.txt = LICENSE.txt
		README.md = README.md
	EndProjectSection
EndProject
Global
	GlobalSection(SolutionConfigurationPlatforms) = preSolution
		Debug|Any CPU = Debug|Any CPU
		Release|Any CPU = Release|Any CPU
	EndGlobalSection
	GlobalSection(ProjectConfigurationPlatforms) = postSolution
		{96C659D5-FAA1-4E4A-B240-405E523D21DF}.Debug|Any CPU.ActiveCfg = Debug|Any CPU
		{96C659D5-FAA1-4E4A-B240-405E523D21DF}.Debug|Any CPU.Build.0 = Debug|Any CPU
		{96C659D5-FAA1-4E4A-B240-405E523D21DF}.Release|Any CPU.ActiveCfg = Release|Any CPU
		{96C659D5-FAA1-4E4A-B240-405E523D21DF}.Release|Any CPU.Build.0 = Release|Any CPU
		{5D2B8A4D-1927-4345-B056-9A1AA061C840}.Debug|Any CPU.ActiveCfg = Debug|Any CPU
		{5D2B8A4D-1927-4345-B056-9A1AA061C840}.Debug|Any CPU.Build.0 = Debug|Any CPU
		{5D2B8A4D-1927-4345-B056-9A1AA061C840}.Release|Any CPU.ActiveCfg = Release|Any CPU
		{5D2B8A4D-1927-4345-B056-9A1AA061C840}.Release|Any CPU.Build.0 = Release|Any CPU
	EndGlobalSection
	GlobalSection(SolutionProperties) = preSolution
		HideSolutionNode = FALSE
	EndGlobalSection
EndGlobal
